
Microsoft Visual Studio Solution File, Format Version 12.00
# Visual Studio Version 17
VisualStudioVersion = 17.6.33723.286
MinimumVisualStudioVersion = 10.0.40219.1
Project("{FAE04EC0-301F-11D3-BF4B-00C04F79EFBC}") = "TestVagrant_TestSOlution", "TestVagrant_TestSOlution\TestVagrant_TestSOlution.csproj", "{7C6BCE79-DA6C-407A-A74B-A213E4EBCBDA}"
EndProject
Global
	GlobalSection(SolutionConfigurationPlatforms) = preSolution
		Debug|Any CPU = Debug|Any CPU
		Release|Any CPU = Release|Any CPU
	EndGlobalSection
	GlobalSection(ProjectConfigurationPlatforms) = postSolution
		{7C6BCE79-DA6C-407A-A74B-A213E4EBCBDA}.Debug|Any CPU.ActiveCfg = Debug|Any CPU
		{7C6BCE79-DA6C-407A-A74B-A213E4EBCBDA}.Debug|Any CPU.Build.0 = Debug|Any CPU
		{7C6BCE79-DA6C-407A-A74B-A213E4EBCBDA}.Release|Any CPU.ActiveCfg = Release|Any CPU
		{7C6BCE79-DA6C-407A-A74B-A213E4EBCBDA}.Release|Any CPU.Build.0 = Release|Any CPU
	EndGlobalSection
	GlobalSection(SolutionProperties) = preSolution
		HideSolutionNode = FALSE
	EndGlobalSection
	GlobalSection(ExtensibilityGlobals) = postSolution
		SolutionGuid = {26C8E876-A375-49CC-AE68-F367217D5547}
	EndGlobalSection
EndGlobal
